
Microsoft Visual Studio Solution File, Format Version 12.00
# Visual Studio Version 17
VisualStudioVersion = 17.1.32328.378
MinimumVisualStudioVersion = 10.0.40219.1
Project("{9A19103F-16F7-4668-BE54-9A1E7A4F7556}") = "IPFilterParseCore", "IPFilterParseCore\IPFilterParseCore.csproj", "{C2501C98-131A-4647-820A-4D03A83C7F66}"
EndProject
Project("{9A19103F-16F7-4668-BE54-9A1E7A4F7556}") = "IPFilterParseAPI", "IPFilterParseAPI\IPFilterParseAPI.csproj", "{B155B232-23C2-4DF6-BED1-0520F234EA14}"
EndProject
Global
	GlobalSection(SolutionConfigurationPlatforms) = preSolution
		Debug|Any CPU = Debug|Any CPU
		Debug|x64 = Debug|x64
		Release|Any CPU = Release|Any CPU
		Release|x64 = Release|x64
	EndGlobalSection
	GlobalSection(ProjectConfigurationPlatforms) = postSolution
		{C2501C98-131A-4647-820A-4D03A83C7F66}.Debug|Any CPU.ActiveCfg = Debug|x64
		{C2501C98-131A-4647-820A-4D03A83C7F66}.Debug|Any CPU.Build.0 = Debug|x64
		{C2501C98-131A-4647-820A-4D03A83C7F66}.Debug|x64.ActiveCfg = Debug|x64
		{C2501C98-131A-4647-820A-4D03A83C7F66}.Debug|x64.Build.0 = Debug|x64
		{C2501C98-131A-4647-820A-4D03A83C7F66}.Release|Any CPU.ActiveCfg = Release|Any CPU
		{C2501C98-131A-4647-820A-4D03A83C7F66}.Release|Any CPU.Build.0 = Release|Any CPU
		{C2501C98-131A-4647-820A-4D03A83C7F66}.Release|x64.ActiveCfg = Release|x64
		{C2501C98-131A-4647-820A-4D03A83C7F66}.Release|x64.Build.0 = Release|x64
		{B155B232-23C2-4DF6-BED1-0520F234EA14}.Debug|Any CPU.ActiveCfg = Debug|x64
		{B155B232-23C2-4DF6-BED1-0520F234EA14}.Debug|Any CPU.Build.0 = Debug|x64
		{B155B232-23C2-4DF6-BED1-0520F234EA14}.Debug|x64.ActiveCfg = Debug|x64
		{B155B232-23C2-4DF6-BED1-0520F234EA14}.Debug|x64.Build.0 = Debug|x64
		{B155B232-23C2-4DF6-BED1-0520F234EA14}.Release|Any CPU.ActiveCfg = Release|x64
		{B155B232-23C2-4DF6-BED1-0520F234EA14}.Release|x64.ActiveCfg = Release|x64
	EndGlobalSection
	GlobalSection(SolutionProperties) = preSolution
		HideSolutionNode = FALSE
	EndGlobalSection
	GlobalSection(ExtensibilityGlobals) = postSolution
		SolutionGuid = {C4AE6DE3-58A9-4495-8D07-E44117351BB0}
	EndGlobalSection
EndGlobal
